
Microsoft Visual Studio Solution File, Format Version 12.00
# Visual Studio Version 16
VisualStudioVersion = 16.0.30709.132
MinimumVisualStudioVersion = 10.0.40219.1
Project("{9A19103F-16F7-4668-BE54-9A1E7A4F7556}") = "CustomValidation", "CustomValidation\CustomValidation.csproj", "{4AC03D67-196B-49A1-9BFC-80688B29D19B}"
EndProject
Project("{FAE04EC0-301F-11D3-BF4B-00C04F79EFBC}") = "Shared", "Shared\Shared.csproj", "{68BBB77E-AA4C-4797-A0F9-FF460D713317}"
EndProject
Global
	GlobalSection(SolutionConfigurationPlatforms) = preSolution
		Debug|Any CPU = Debug|Any CPU
		Release|Any CPU = Release|Any CPU
	EndGlobalSection
	GlobalSection(ProjectConfigurationPlatforms) = postSolution
		{4AC03D67-196B-49A1-9BFC-80688B29D19B}.Debug|Any CPU.ActiveCfg = Debug|Any CPU
		{4AC03D67-196B-49A1-9BFC-80688B29D19B}.Debug|Any CPU.Build.0 = Debug|Any CPU
		{4AC03D67-196B-49A1-9BFC-80688B29D19B}.Release|Any CPU.ActiveCfg = Release|Any CPU
		{4AC03D67-196B-49A1-9BFC-80688B29D19B}.Release|Any CPU.Build.0 = Release|Any CPU
		{68BBB77E-AA4C-4797-A0F9-FF460D713317}.Debug|Any CPU.ActiveCfg = Debug|Any CPU
		{68BBB77E-AA4C-4797-A0F9-FF460D713317}.Debug|Any CPU.Build.0 = Debug|Any CPU
		{68BBB77E-AA4C-4797-A0F9-FF460D713317}.Release|Any CPU.ActiveCfg = Release|Any CPU
		{68BBB77E-AA4C-4797-A0F9-FF460D713317}.Release|Any CPU.Build.0 = Release|Any CPU
	EndGlobalSection
	GlobalSection(SolutionProperties) = preSolution
		HideSolutionNode = FALSE
	EndGlobalSection
	GlobalSection(ExtensibilityGlobals) = postSolution
		SolutionGuid = {E970107D-1D62-4AD2-B000-7DBB5CB4F351}
	EndGlobalSection
EndGlobal
